
Microsoft Visual Studio Solution File, Format Version 12.00
# Visual Studio Version 17
VisualStudioVersion = 17.11.35222.181
MinimumVisualStudioVersion = 10.0.40219.1
Project("{FAE04EC0-301F-11D3-BF4B-00C04F79EFBC}") = "DbOperationsWithEFCoreApp", "DbOperationsWithEFCoreApp\DbOperationsWithEFCoreApp.csproj", "{B20D659D-5393-403D-88FE-90D230AFD63D}"
EndProject
Global
	GlobalSection(SolutionConfigurationPlatforms) = preSolution
		Debug|Any CPU = Debug|Any CPU
		Release|Any CPU = Release|Any CPU
	EndGlobalSection
	GlobalSection(ProjectConfigurationPlatforms) = postSolution
		{B20D659D-5393-403D-88FE-90D230AFD63D}.Debug|Any CPU.ActiveCfg = Debug|Any CPU
		{B20D659D-5393-403D-88FE-90D230AFD63D}.Debug|Any CPU.Build.0 = Debug|Any CPU
		{B20D659D-5393-403D-88FE-90D230AFD63D}.Release|Any CPU.ActiveCfg = Release|Any CPU
		{B20D659D-5393-403D-88FE-90D230AFD63D}.Release|Any CPU.Build.0 = Release|Any CPU
	EndGlobalSection
	GlobalSection(SolutionProperties) = preSolution
		HideSolutionNode = FALSE
	EndGlobalSection
	GlobalSection(ExtensibilityGlobals) = postSolution
		SolutionGuid = {08A55FF7-14C9-4A66-BF02-1C61D633A6FF}
	EndGlobalSection
EndGlobal
